version = 1
revision = 3
requires-python = ">=3.14"

[[package]]
name = "annotated-doc"
version = "0.0.4"
source = { registry = "https://pypi.org/simple" }
sdist = { url = "https://files.pythonhosted.org/packages/57/ba/046ceea27344560984e26a590f90bc7f4a75b06701f653222458922b558c/annotated_doc-0.0.4.tar.gz", hash = "sha256:fbcda96e87e9c92ad167c2e53839e57503ecfda18804ea28102353485033faa4", size = 7288, upload-time = "2025-11-10T22:07:42.062Z" }
wheels = [
    { url = "https://files.pythonhosted.org/packages/1e/d3/26bf1008eb3d2daa8ef4cacc7f3bfdc11818d111f7e2d0201bc6e3b49d45/annotated_doc-0.0.4-py3-none-any.whl", hash = "sha256:571ac1dc6991c450b25a9c2d84a3705e2ae7a53467b5d111c24fa8baabbed320", size = 5303, upload-time = "2025-11-10T22:07:40.673Z" },
]

[[package]]
name = "asttokens"
version = "3.0.1"
source = { registry = "https://pypi.org/simple" }
sdist = { url = "https://files.pythonhosted.org/packages/be/a5/8e3f9b6771b0b408517c82d97aed8f2036509bc247d46114925e32fe33f0/asttokens-3.0.1.tar.gz", hash = "sha256:71a4ee5de0bde6a31d64f6b13f2293ac190344478f081c3d1bccfcf5eacb0cb7", size = 62308, upload-time = "2025-11-15T16:43:48.578Z" }
wheels = [
    { url = "https://files.pythonhosted.org/packages/d2/39/e7eaf1799466a4aef85b6a4fe7bd175ad2b1c6345066aa33f1f58d4b18d0/asttokens-3.0.1-py3-none-any.whl", hash = "sha256:15a3ebc0f43c2d0a50eeafea25e19046c68398e487b9f1f5b517f7c0f40f976a", size = 27047, upload-time = "2025-11-15T16:43:16.109Z" },
]

[[package]]
name = "basedpyright"
version = "1.38.2"
source = { registry = "https://pypi.org/simple" }
dependencies = [
    { name = "nodejs-wheel-binaries" },
]
sdist = { url = "https://files.pythonhosted.org/packages/e4/a3/20aa7c4e83f2f614e0036300f3c352775dede0655c66814da16c37b661a9/basedpyright-1.38.2.tar.gz", hash = "sha256:b433b2b8ba745ed7520cdc79a29a03682f3fb00346d272ece5944e9e5e5daa92", size = 25277019, upload-time = "2026-02-26T11:18:43.594Z" }
wheels = [
    { url = "https://files.pythonhosted.org/packages/ac/12/736cab83626fea3fe65cdafb3ef3d2ee9480c56723f2fd33921537289a5e/basedpyright-1.38.2-py3-none-any.whl", hash = "sha256:153481d37fd19f9e3adedc8629d1d071b10c5f5e49321fb026b74444b7c70e24", size = 12312475, upload-time = "2026-02-26T11:18:40.373Z" },
]

[[package]]
name = "cfgv"
version = "3.5.0"
source = { registry = "https://pypi.org/simple" }
sdist = { url = "https://files.pythonhosted.org/packages/4e/b5/721b8799b04bf9afe054a3899c6cf4e880fcf8563cc71c15610242490a0c/cfgv-3.5.0.tar.gz", hash = "sha256:d5b1034354820651caa73ede66a6294d6e95c1b00acc5e9b098e917404669132", size = 7334, upload-time = "2025-11-19T20:55:51.612Z" }
wheels = [
    { url = "https://files.pythonhosted.org/packages/db/3c/33bac158f8ab7f89b2e59426d5fe2e4f63f7ed25df84c036890172b412b5/cfgv-3.5.0-py2.py3-none-any.whl", hash = "sha256:a8dc6b26ad22ff227d2634a65cb388215ce6cc96bbcc5cfde7641ae87e8dacc0", size = 7445, upload-time = "2025-11-19T20:55:50.744Z" },
]

[[package]]
name = "click"
version = "8.3.1"
source = { registry = "https://pypi.org/simple" }
dependencies = [
    { name = "colorama", marker = "sys_platform == 'win32'" },
]
sdist = { url = "https://files.pythonhosted.org/packages/3d/fa/656b739db8587d7b5dfa22e22ed02566950fbfbcdc20311993483657a5c0/click-8.3.1.tar.gz", hash = "sha256:12ff4785d337a1bb490bb7e9c2b1ee5da3112e94a8622f26a6c77f5d2fc6842a", size = 295065, upload-time = "2025-11-15T20:45:42.706Z" }
wheels = [
    { url = "https://files.pythonhosted.org/packages/98/78/01c019cdb5d6498122777c1a43056ebb3ebfeef2076d9d026bfe15583b2b/click-8.3.1-py3-none-any.whl", hash = "sha256:981153a64e25f12d547d3426c367a4857371575ee7ad18df2a6183ab0545b2a6", size = 108274, upload-time = "2025-11-15T20:45:41.139Z" },
]

[[package]]
name = "colorama"
version = "0.4.6"
source = { registry = "https://pypi.org/simple" }
sdist = { url = "https://files.pythonhosted.org/packages/d8/53/6f443c9a4a8358a93a6792e2acffb9d9d5cb0a5cfd8802644b7b1c9a02e4/colorama-0.4.6.tar.gz", hash = "sha256:08695f5cb7ed6e0531a20572697297273c47b8cae5a63ffc6d6ed5c201be6e44", size = 27697, upload-time = "2022-10-25T02:36:22.414Z" }
wheels = [
    { url = "https://files.pythonhosted.org/packages/d1/d6/3965ed04c63042e047cb6a3e6ed1a63a35087b6a609aa3a15ed8ac56c221/colorama-0.4.6-py2.py3-none-any.whl", hash = "sha256:4f1d9991f5acc0ca119f9d443620b77f9d6b33703e51011c16baf57afb285fc6", size = 25335, upload-time = "2022-10-25T02:36:20.889Z" },
]

[[package]]
name = "decorator"
version = "5.2.1"
source = { registry = "https://pypi.org/simple" }
sdist = { url = "https://files.pythonhosted.org/packages/43/fa/6d96a0978d19e17b68d634497769987b16c8f4cd0a7a05048bec693caa6b/decorator-5.2.1.tar.gz", hash = "sha256:65f266143752f734b0a7cc83c46f4618af75b8c5911b00ccb61d0ac9b6da0360", size = 56711, upload-time = "2025-02-24T04:41:34.073Z" }
wheels = [
    { url = "https://files.pythonhosted.org/packages/4e/8c/f3147f5c4b73e7550fe5f9352eaa956ae838d5c51eb58e7a25b9f3e2643b/decorator-5.2.1-py3-none-any.whl", hash = "sha256:d316bb415a2d9e2d2b3abcc4084c6502fc09240e292cd76a76afc106a1c8e04a", size = 9190, upload-time = "2025-02-24T04:41:32.565Z" },
]

[[package]]
name = "distlib"
version = "0.4.0"
source = { registry = "https://pypi.org/simple" }
sdist = { url = "https://files.pythonhosted.org/packages/96/8e/709914eb2b5749865801041647dc7f4e6d00b549cfe88b65ca192995f07c/distlib-0.4.0.tar.gz", hash = "sha256:feec40075be03a04501a973d81f633735b4b69f98b05450592310c0f401a4e0d", size = 614605, upload-time = "2025-07-17T16:52:00.465Z" }
wheels = [
    { url = "https://files.pythonhosted.org/packages/33/6b/e0547afaf41bf2c42e52430072fa5658766e3d65bd4b03a563d1b6336f57/distlib-0.4.0-py2.py3-none-any.whl", hash = "sha256:9659f7d87e46584a30b5780e43ac7a2143098441670ff0a49d5f9034c54a6c16", size = 469047, upload-time = "2025-07-17T16:51:58.613Z" },
]

[[package]]
name = "executing"
version = "2.2.1"
source = { registry = "https://pypi.org/simple" }
sdist = { url = "https://files.pythonhosted.org/packages/cc/28/c14e053b6762b1044f34a13aab6859bbf40456d37d23aa286ac24cfd9a5d/executing-2.2.1.tar.gz", hash = "sha256:3632cc370565f6648cc328b32435bd120a1e4ebb20c77e3fdde9a13cd1e533c4", size = 1129488, upload-time = "2025-09-01T09:48:10.866Z" }
wheels = [
    { url = "https://files.pythonhosted.org/packages/c1/ea/53f2148663b321f21b5a606bd5f191517cf40b7072c0497d3c92c4a13b1e/executing-2.2.1-py2.py3-none-any.whl", hash = "sha256:760643d3452b4d777d295bb167ccc74c64a81df23fb5e08eff250c425a4b2017", size = 28317, upload-time = "2025-09-01T09:48:08.5Z" },
]

[[package]]
name = "filelock"
version = "3.25.0"
source = { registry = "https://pypi.org/simple" }
sdist = { url = "https://files.pythonhosted.org/packages/77/18/a1fd2231c679dcb9726204645721b12498aeac28e1ad0601038f94b42556/filelock-3.25.0.tar.gz", hash = "sha256:8f00faf3abf9dc730a1ffe9c354ae5c04e079ab7d3a683b7c32da5dd05f26af3", size = 40158, upload-time = "2026-03-01T15:08:45.916Z" }
wheels = [
    { url = "https://files.pythonhosted.org/packages/f9/0b/de6f54d4a8bedfe8645c41497f3c18d749f0bd3218170c667bf4b81d0cdd/filelock-3.25.0-py3-none-any.whl", hash = "sha256:5ccf8069f7948f494968fc0713c10e5c182a9c9d9eef3a636307a20c2490f047", size = 26427, upload-time = "2026-03-01T15:08:44.593Z" },
]

[[package]]
name = "identify"
version = "2.6.17"
source = { registry = "https://pypi.org/simple" }
sdist = { url = "https://files.pythonhosted.org/packages/57/84/376a3b96e5a8d33a7aa2c5b3b31a4b3c364117184bf0b17418055f6ace66/identify-2.6.17.tar.gz", hash = "sha256:f816b0b596b204c9fdf076ded172322f2723cf958d02f9c3587504834c8ff04d", size = 99579, upload-time = "2026-03-01T20:04:12.702Z" }
wheels = [
    { url = "https://files.pythonhosted.org/packages/40/66/71c1227dff78aaeb942fed29dd5651f2aec166cc7c9aeea3e8b26a539b7d/identify-2.6.17-py2.py3-none-any.whl", hash = "sha256:be5f8412d5ed4b20f2bd41a65f920990bdccaa6a4a18a08f1eefdcd0bdd885f0", size = 99382, upload-time = "2026-03-01T20:04:11.439Z" },
]

[[package]]
name = "iniconfig"
version = "2.3.0"
source = { registry = "https://pypi.org/simple" }
sdist = { url = "https://files.pythonhosted.org/packages/72/34/14ca021ce8e5dfedc35312d08ba8bf51fdd999c576889fc2c24cb97f4f10/iniconfig-2.3.0.tar.gz", hash = "sha256:c76315c77db068650d49c5b56314774a7804df16fee4402c1f19d6d15d8c4730", size = 20503, upload-time = "2025-10-18T21:55:43.219Z" }
wheels = [
    { url = "https://files.pythonhosted.org/packages/cb/b1/3846dd7f199d53cb17f49cba7e651e9ce294d8497c8c150530ed11865bb8/iniconfig-2.3.0-py3-none-any.whl", hash = "sha256:f631c04d2c48c52b84d0d0549c99ff3859c98df65b3101406327ecc7d53fbf12", size = 7484, upload-time = "2025-10-18T21:55:41.639Z" },
]

[[package]]
name = "ipdb"
version = "0.13.13"
source = { registry = "https://pypi.org/simple" }
dependencies = [
    { name = "decorator" },
    { name = "ipython" },
]
sdist = { url = "https://files.pythonhosted.org/packages/3d/1b/7e07e7b752017f7693a0f4d41c13e5ca29ce8cbcfdcc1fd6c4ad8c0a27a0/ipdb-0.13.13.tar.gz", hash = "sha256:e3ac6018ef05126d442af680aad863006ec19d02290561ac88b8b1c0b0cfc726", size = 17042, upload-time = "2023-03-09T15:40:57.487Z" }
wheels = [
    { url = "https://files.pythonhosted.org/packages/0c/4c/b075da0092003d9a55cf2ecc1cae9384a1ca4f650d51b00fc59875fe76f6/ipdb-0.13.13-py3-none-any.whl", hash = "sha256:45529994741c4ab6d2388bfa5d7b725c2cf7fe9deffabdb8a6113aa5ed449ed4", size = 12130, upload-time = "2023-03-09T15:40:55.021Z" },
]

[[package]]
name = "ipython"
version = "9.11.0"
source = { registry = "https://pypi.org/simple" }
dependencies = [
    { name = "colorama", marker = "sys_platform == 'win32'" },
    { name = "decorator" },
    { name = "ipython-pygments-lexers" },
    { name = "jedi" },
    { name = "matplotlib-inline" },
    { name = "pexpect", marker = "sys_platform != 'emscripten' and sys_platform != 'win32'" },
    { name = "prompt-toolkit" },
    { name = "pygments" },
    { name = "stack-data" },
    { name = "traitlets" },
]
sdist = { url = "https://files.pythonhosted.org/packages/86/28/a4698eda5a8928a45d6b693578b135b753e14fa1c2b36ee9441e69a45576/ipython-9.11.0.tar.gz", hash = "sha256:2a94bc4406b22ecc7e4cb95b98450f3ea493a76bec8896cda11b78d7752a6667", size = 4427354, upload-time = "2026-03-05T08:57:30.549Z" }
wheels = [
    { url = "https://files.pythonhosted.org/packages/b2/90/45c72becc57158facc6a6404f663b77bbcea2519ca57f760e2879ae1315d/ipython-9.11.0-py3-none-any.whl", hash = "sha256:6922d5bcf944c6e525a76a0a304451b60a2b6f875e86656d8bc2dfda5d710e19", size = 624222, upload-time = "2026-03-05T08:57:28.94Z" },
]

[[package]]
name = "ipython-pygments-lexers"
version = "1.1.1"
source = { registry = "https://pypi.org/simple" }
dependencies = [
    { name = "pygments" },
]
sdist = { url = "https://files.pythonhosted.org/packages/ef/4c/5dd1d8af08107f88c7f741ead7a40854b8ac24ddf9ae850afbcf698aa552/ipython_pygments_lexers-1.1.1.tar.gz", hash = "sha256:09c0138009e56b6854f9535736f4171d855c8c08a563a0dcd8022f78355c7e81", size = 8393, upload-time = "2025-01-17T11:24:34.505Z" }
wheels = [
    { url = "https://files.pythonhosted.org/packages/d9/33/1f075bf72b0b747cb3288d011319aaf64083cf2efef8354174e3ed4540e2/ipython_pygments_lexers-1.1.1-py3-none-any.whl", hash = "sha256:a9462224a505ade19a605f71f8fa63c2048833ce50abc86768a0d81d876dc81c", size = 8074, upload-time = "2025-01-17T11:24:33.271Z" },
]

[[package]]
name = "jedi"
version = "0.19.2"
source = { registry = "https://pypi.org/simple" }
dependencies = [
    { name = "parso" },
]
sdist = { url = "https://files.pythonhosted.org/packages/72/3a/79a912fbd4d8dd6fbb02bf69afd3bb72cf0c729bb3063c6f4498603db17a/jedi-0.19.2.tar.gz", hash = "sha256:4770dc3de41bde3966b02eb84fbcf557fb33cce26ad23da12c742fb50ecb11f0", size = 1231287, upload-time = "2024-11-11T01:41:42.873Z" }
wheels = [
    { url = "https://files.pythonhosted.org/packages/c0/5a/9cac0c82afec3d09ccd97c8b6502d48f165f9124db81b4bcb90b4af974ee/jedi-0.19.2-py2.py3-none-any.whl", hash = "sha256:a8ef22bde8490f57fe5c7681a3c83cb58874daf72b4784de3cce5b6ef6edb5b9", size = 1572278, upload-time = "2024-11-11T01:41:40.175Z" },
]

[[package]]
name = "markdown-it-py"
version = "4.0.0"
source = { registry = "https://pypi.org/simple" }
dependencies = [
    { name = "mdurl" },
]
sdist = { url = "https://files.pythonhosted.org/packages/5b/f5/4ec618ed16cc4f8fb3b701563655a69816155e79e24a17b651541804721d/markdown_it_py-4.0.0.tar.gz", hash = "sha256:cb0a2b4aa34f932c007117b194e945bd74e0ec24133ceb5bac59009cda1cb9f3", size = 73070, upload-time = "2025-08-11T12:57:52.854Z" }
wheels = [
    { url = "https://files.pythonhosted.org/packages/94/54/e7d793b573f298e1c9013b8c4dade17d481164aa517d1d7148619c2cedbf/markdown_it_py-4.0.0-py3-none-any.whl", hash = "sha256:87327c59b172c5011896038353a81343b6754500a08cd7a4973bb48c6d578147", size = 87321, upload-time = "2025-08-11T12:57:51.923Z" },
]

[[package]]
name = "matplotlib-inline"
version = "0.2.1"
source = { registry = "https://pypi.org/simple" }
dependencies = [
    { name = "traitlets" },
]
sdist = { url = "https://files.pythonhosted.org/packages/c7/74/97e72a36efd4ae2bccb3463284300f8953f199b5ffbc04cbbb0ec78f74b1/matplotlib_inline-0.2.1.tar.gz", hash = "sha256:e1ee949c340d771fc39e241ea75683deb94762c8fa5f2927ec57c83c4dffa9fe", size = 8110, upload-time = "2025-10-23T09:00:22.126Z" }
wheels = [
    { url = "https://files.pythonhosted.org/packages/af/33/ee4519fa02ed11a94aef9559552f3b17bb863f2ecfe1a35dc7f548cde231/matplotlib_inline-0.2.1-py3-none-any.whl", hash = "sha256:d56ce5156ba6085e00a9d54fead6ed29a9c47e215cd1bba2e976ef39f5710a76", size = 9516, upload-time = "2025-10-23T09:00:20.675Z" },
]

[[package]]
name = "mdurl"
version = "0.1.2"
source = { registry = "https://pypi.org/simple" }
sdist = { url = "https://files.pythonhosted.org/packages/d6/54/cfe61301667036ec958cb99bd3efefba235e65cdeb9c84d24a8293ba1d90/mdurl-0.1.2.tar.gz", hash = "sha256:bb413d29f5eea38f31dd4754dd7377d4465116fb207585f97bf925588687c1ba", size = 8729, upload-time = "2022-08-14T12:40:10.846Z" }
wheels = [
    { url = "https://files.pythonhosted.org/packages/b3/38/89ba8ad64ae25be8de66a6d463314cf1eb366222074cfda9ee839c56a4b4/mdurl-0.1.2-py3-none-any.whl", hash = "sha256:84008a41e51615a49fc9966191ff91509e3c40b939176e643fd50a5c2196b8f8", size = 9979, upload-time = "2022-08-14T12:40:09.779Z" },
]

[[package]]
name = "nodeenv"
version = "1.10.0"
source = { registry = "https://pypi.org/simple" }
sdist = { url = "https://files.pythonhosted.org/packages/24/bf/d1bda4f6168e0b2e9e5958945e01910052158313224ada5ce1fb2e1113b8/nodeenv-1.10.0.tar.gz", hash = "sha256:996c191ad80897d076bdfba80a41994c2b47c68e224c542b48feba42ba00f8bb", size = 55611, upload-time = "2025-12-20T14:08:54.006Z" }
wheels = [
    { url = "https://files.pythonhosted.org/packages/88/b2/d0896bdcdc8d28a7fc5717c305f1a861c26e18c05047949fb371034d98bd/nodeenv-1.10.0-py2.py3-none-any.whl", hash = "sha256:5bb13e3eed2923615535339b3c620e76779af4cb4c6a90deccc9e36b274d3827", size = 23438, upload-time = "2025-12-20T14:08:52.782Z" },
]

[[package]]
name = "nodejs-wheel-binaries"
version = "24.14.0"
source = { registry = "https://pypi.org/simple" }
sdist = { url = "https://files.pythonhosted.org/packages/71/05/c75c0940b1ebf82975d14f37176679b6f3229eae8b47b6a70d1e1dae0723/nodejs_wheel_binaries-24.14.0.tar.gz", hash = "sha256:c87b515e44b0e4a523017d8c59f26ccbd05b54fe593338582825d4b51fc91e1c", size = 8057, upload-time = "2026-02-27T02:57:30.931Z" }
wheels = [
    { url = "https://files.pythonhosted.org/packages/58/8c/b057c2db3551a6fe04e93dd14e33d810ac8907891534ffcc7a051b253858/nodejs_wheel_binaries-24.14.0-py2.py3-none-macosx_13_0_arm64.whl", hash = "sha256:59bb78b8eb08c3e32186da1ef913f1c806b5473d8bd0bb4492702092747b674a", size = 54798488, upload-time = "2026-02-27T02:56:56.831Z" },
    { url = "https://files.pythonhosted.org/packages/30/88/7e1b29c067b6625c97c81eb8b0ef37cf5ad5b62bb81e23f4bde804910ec9/nodejs_wheel_binaries-24.14.0-py2.py3-none-macosx_13_0_x86_64.whl", hash = "sha256:348fa061b57625de7250d608e2d9b7c4bc170544da7e328325343860eadd59e5", size = 54972803, upload-time = "2026-02-27T02:57:01.696Z" },
    { url = "https://files.pythonhosted.org/packages/1e/e0/a83f0ff12faca2a56366462e572e38ac6f5cb361877bb29e289138eb7f24/nodejs_wheel_binaries-24.14.0-py2.py3-none-manylinux_2_28_aarch64.whl", hash = "sha256:222dbf516ccc877afcad4e4789a81b4ee93daaa9f0ad97c464417d9597f49449", size = 59340859, upload-time = "2026-02-27T02:57:06.125Z" },
    { url = "https://files.pythonhosted.org/packages/e2/9f/06fad4ae8a723ae7096b5311eba67ad8b4df5f359c0a68e366750b7fef78/nodejs_wheel_binaries-24.14.0-py2.py3-none-manylinux_2_28_x86_64.whl", hash = "sha256:b35d6fcccfe4fb0a409392d237fbc67796bac0d357b996bc12d057a1531a238b", size = 59838751, upload-time = "2026-02-27T02:57:10.449Z" },
    { url = "https://files.pythonhosted.org/packages/8c/72/4916dadc7307c3e9bcfa43b4b6f88237932d502c66f89eb2d90fb07810db/nodejs_wheel_binaries-24.14.0-py2.py3-none-musllinux_1_2_aarch64.whl", hash = "sha256:519507fb74f3f2b296ab1e9f00dcc211f36bbfb93c60229e72dcdee9dafd301a", size = 61340534, upload-time = "2026-02-27T02:57:15.309Z" },
    { url = "https://files.pythonhosted.org/packages/2e/df/a8ba881ee5d04b04e0d93abc8ce501ff7292813583e97f9789eb3fc0472a/nodejs_wheel_binaries-24.14.0-py2.py3-none-musllinux_1_2_x86_64.whl", hash = "sha256:68c93c52ff06d704bcb5ed160b4ba04ab1b291d238aaf996b03a5396e0e9a7ed", size = 61922394, upload-time = "2026-02-27T02:57:20.24Z" },
    { url = "https://files.pythonhosted.org/packages/60/8c/b8c5f61201c72a0c7dc694b459941f89a6defda85deff258a9940a4e2efc/nodejs_wheel_binaries-24.14.0-py2.py3-none-win_amd64.whl", hash = "sha256:60b83c4e98b0c7d836ac9ccb67dcb36e343691cbe62cd325799ff9ed936286f3", size = 41218783, upload-time = "2026-02-27T02:57:24.175Z" },
    { url = "https://files.pythonhosted.org/packages/91/23/1f904bc9cbd8eece393e20840c08ba3ac03440090c3a4e95168fa6d2709f/nodejs_wheel_binaries-24.14.0-py2.py3-none-win_arm64.whl", hash = "sha256:78a9bd1d6b11baf1433f9fb84962ff8aa71c87d48b6434f98224bc49a2253a6e", size = 38926103, upload-time = "2026-02-27T02:57:27.458Z" },
]

[[package]]
name = "packaging"
version = "26.0"
source = { registry = "https://pypi.org/simple" }
sdist = { url = "https://files.pythonhosted.org/packages/65/ee/299d360cdc32edc7d2cf530f3accf79c4fca01e96ffc950d8a52213bd8e4/packaging-26.0.tar.gz", hash = "sha256:00243ae351a257117b6a241061796684b084ed1c516a08c48a3f7e147a9d80b4", size = 143416, upload-time = "2026-01-21T20:50:39.064Z" }
wheels = [
    { url = "https://files.pythonhosted.org/packages/b7/b9/c538f279a4e237a006a2c98387d081e9eb060d203d8ed34467cc0f0b9b53/packaging-26.0-py3-none-any.whl", hash = "sha256:b36f1fef9334a5588b4166f8bcd26a14e521f2b55e6b9de3aaa80d3ff7a37529", size = 74366, upload-time = "2026-01-21T20:50:37.788Z" },
]

[[package]]
name = "parso"
version = "0.8.6"
source = { registry = "https://pypi.org/simple" }
sdist = { url = "https://files.pythonhosted.org/packages/81/76/a1e769043c0c0c9fe391b702539d594731a4362334cdf4dc25d0c09761e7/parso-0.8.6.tar.gz", hash = "sha256:2b9a0332696df97d454fa67b81618fd69c35a7b90327cbe6ba5c92d2c68a7bfd", size = 401621, upload-time = "2026-02-09T15:45:24.425Z" }
wheels = [
    { url = "https://files.pythonhosted.org/packages/b6/61/fae042894f4296ec49e3f193aff5d7c18440da9e48102c3315e1bc4519a7/parso-0.8.6-py2.py3-none-any.whl", hash = "sha256:2c549f800b70a5c4952197248825584cb00f033b29c692671d3bf08bf380baff", size = 106894, upload-time = "2026-02-09T15:45:21.391Z" },
]

[[package]]
name = "pexpect"
version = "4.9.0"
source = { registry = "https://pypi.org/simple" }
dependencies = [
    { name = "ptyprocess" },
]
sdist = { url = "https://files.pythonhosted.org/packages/42/92/cc564bf6381ff43ce1f4d06852fc19a2f11d180f23dc32d9588bee2f149d/pexpect-4.9.0.tar.gz", hash = "sha256:ee7d41123f3c9911050ea2c2dac107568dc43b2d3b0c7557a33212c398ead30f", size = 166450, upload-time = "2023-11-25T09:07:26.339Z" }
wheels = [
    { url = "https://files.pythonhosted.org/packages/9e/c3/059298687310d527a58bb01f3b1965787ee3b40dce76752eda8b44e9a2c5/pexpect-4.9.0-py2.py3-none-any.whl", hash = "sha256:7236d1e080e4936be2dc3e326cec0af72acf9212a7e1d060210e70a47e253523", size = 63772, upload-time = "2023-11-25T06:56:14.81Z" },
]

[[package]]
name = "platformdirs"
version = "4.9.4"
source = { registry = "https://pypi.org/simple" }
sdist = { url = "https://files.pythonhosted.org/packages/19/56/8d4c30c8a1d07013911a8fdbd8f89440ef9f08d07a1b50ab8ca8be5a20f9/platformdirs-4.9.4.tar.gz", hash = "sha256:1ec356301b7dc906d83f371c8f487070e99d3ccf9e501686456394622a01a934", size = 28737, upload-time = "2026-03-05T18:34:13.271Z" }
wheels = [
    { url = "https://files.pythonhosted.org/packages/63/d7/97f7e3a6abb67d8080dd406fd4df842c2be0efaf712d1c899c32a075027c/platformdirs-4.9.4-py3-none-any.whl", hash = "sha256:68a9a4619a666ea6439f2ff250c12a853cd1cbd5158d258bd824a7df6be2f868", size = 21216, upload-time = "2026-03-05T18:34:12.172Z" },
]

[[package]]
name = "pluggy"
version = "1.6.0"
source = { registry = "https://pypi.org/simple" }
sdist = { url = "https://files.pythonhosted.org/packages/f9/e2/3e91f31a7d2b083fe6ef3fa267035b518369d9511ffab804f839851d2779/pluggy-1.6.0.tar.gz", hash = "sha256:7dcc130b76258d33b90f61b658791dede3486c3e6bfb003ee5c9bfb396dd22f3", size = 69412, upload-time = "2025-05-15T12:30:07.975Z" }
wheels = [
    { url = "https://files.pythonhosted.org/packages/54/20/4d324d65cc6d9205fabedc306948156824eb9f0ee1633355a8f7ec5c66bf/pluggy-1.6.0-py3-none-any.whl", hash = "sha256:e920276dd6813095e9377c0bc5566d94c932c33b27a3e3945d8389c374dd4746", size = 20538, upload-time = "2025-05-15T12:30:06.134Z" },
]

[[package]]
name = "pre-commit"
version = "4.5.1"
source = { registry = "https://pypi.org/simple" }
dependencies = [
    { name = "cfgv" },
    { name = "identify" },
    { name = "nodeenv" },
    { name = "pyyaml" },
    { name = "virtualenv" },
]
sdist = { url = "https://files.pythonhosted.org/packages/40/f1/6d86a29246dfd2e9b6237f0b5823717f60cad94d47ddc26afa916d21f525/pre_commit-4.5.1.tar.gz", hash = "sha256:eb545fcff725875197837263e977ea257a402056661f09dae08e4b149b030a61", size = 198232, upload-time = "2025-12-16T21:14:33.552Z" }
wheels = [
    { url = "https://files.pythonhosted.org/packages/5d/19/fd3ef348460c80af7bb4669ea7926651d1f95c23ff2df18b9d24bab4f3fa/pre_commit-4.5.1-py2.py3-none-any.whl", hash = "sha256:3b3afd891e97337708c1674210f8eba659b52a38ea5f822ff142d10786221f77", size = 226437, upload-time = "2025-12-16T21:14:32.409Z" },
]

[[package]]
name = "prompt-toolkit"
version = "3.0.52"
source = { registry = "https://pypi.org/simple" }
dependencies = [
    { name = "wcwidth" },
]
sdist = { url = "https://files.pythonhosted.org/packages/a1/96/06e01a7b38dce6fe1db213e061a4602dd6032a8a97ef6c1a862537732421/prompt_toolkit-3.0.52.tar.gz", hash = "sha256:28cde192929c8e7321de85de1ddbe736f1375148b02f2e17edd840042b1be855", size = 434198, upload-time = "2025-08-27T15:24:02.057Z" }
wheels = [
    { url = "https://files.pythonhosted.org/packages/84/03/0d3ce49e2505ae70cf43bc5bb3033955d2fc9f932163e84dc0779cc47f48/prompt_toolkit-3.0.52-py3-none-any.whl", hash = "sha256:9aac639a3bbd33284347de5ad8d68ecc044b91a762dc39b7c21095fcd6a19955", size = 391431, upload-time = "2025-08-27T15:23:59.498Z" },
]

[[package]]
name = "ptyprocess"
version = "0.7.0"
source = { registry = "https://pypi.org/simple" }
sdist = { url = "https://files.pythonhosted.org/packages/20/e5/16ff212c1e452235a90aeb09066144d0c5a6a8c0834397e03f5224495c4e/ptyprocess-0.7.0.tar.gz", hash = "sha256:5c5d0a3b48ceee0b48485e0c26037c0acd7d29765ca3fbb5cb3831d347423220", size = 70762, upload-time = "2020-12-28T15:15:30.155Z" }
wheels = [
    { url = "https://files.pythonhosted.org/packages/22/a6/858897256d0deac81a172289110f31629fc4cee19b6f01283303e18c8db3/ptyprocess-0.7.0-py2.py3-none-any.whl", hash = "sha256:4b41f3967fce3af57cc7e94b888626c18bf37a083e3651ca8feeb66d492fef35", size = 13993, upload-time = "2020-12-28T15:15:28.35Z" },
]

[[package]]
name = "pure-eval"
version = "0.2.3"
source = { registry = "https://pypi.org/simple" }
sdist = { url = "https://files.pythonhosted.org/packages/cd/05/0a34433a064256a578f1783a10da6df098ceaa4a57bbeaa96a6c0352786b/pure_eval-0.2.3.tar.gz", hash = "sha256:5f4e983f40564c576c7c8635ae88db5956bb2229d7e9237d03b3c0b0190eaf42", size = 19752, upload-time = "2024-07-21T12:58:21.801Z" }
wheels = [
    { url = "https://files.pythonhosted.org/packages/8e/37/efad0257dc6e593a18957422533ff0f87ede7c9c6ea010a2177d738fb82f/pure_eval-0.2.3-py3-none-any.whl", hash = "sha256:1db8e35b67b3d218d818ae653e27f06c3aa420901fa7b081ca98cbedc874e0d0", size = 11842, upload-time = "2024-07-21T12:58:20.04Z" },
]

[[package]]
name = "pygments"
version = "2.19.2"
source = { registry = "https://pypi.org/simple" }
sdist = { url = "https://files.pythonhosted.org/packages/b0/77/a5b8c569bf593b0140bde72ea885a803b82086995367bf2037de0159d924/pygments-2.19.2.tar.gz", hash = "sha256:636cb2477cec7f8952536970bc533bc43743542f70392ae026374600add5b887", size = 4968631, upload-time = "2025-06-21T13:39:12.283Z" }
wheels = [
    { url = "https://files.pythonhosted.org/packages/c7/21/705964c7812476f378728bdf590ca4b771ec72385c533964653c68e86bdc/pygments-2.19.2-py3-none-any.whl", hash = "sha256:86540386c03d588bb81d44bc3928634ff26449851e99741617ecb9037ee5ec0b", size = 1225217, upload-time = "2025-06-21T13:39:07.939Z" },
]

[[package]]
name = "pyrefly"
version = "0.55.0"
source = { registry = "https://pypi.org/simple" }
sdist = { url = "https://files.pythonhosted.org/packages/bf/c4/76e0797215e62d007f81f86c9c4fb5d6202685a3f5e70810f3fd94294f92/pyrefly-0.55.0.tar.gz", hash = "sha256:434c3282532dd4525c4840f2040ed0eb79b0ec8224fe18d957956b15471f2441", size = 5135682, upload-time = "2026-03-03T00:46:38.122Z" }
wheels = [
    { url = "https://files.pythonhosted.org/packages/39/b0/16e50cf716784513648e23e726a24f71f9544aa4f86103032dcaa5ff71a2/pyrefly-0.55.0-py3-none-macosx_10_12_x86_64.whl", hash = "sha256:49aafcefe5e2dd4256147db93e5b0ada42bff7d9a60db70e03d1f7055338eec9", size = 12210073, upload-time = "2026-03-03T00:46:15.51Z" },
    { url = "https://files.pythonhosted.org/packages/3a/ad/89500c01bac3083383011600370289fbc67700c5be46e781787392628a3a/pyrefly-0.55.0-py3-none-macosx_11_0_arm64.whl", hash = "sha256:2827426e6b28397c13badb93c0ede0fb0f48046a7a89e3d774cda04e8e2067cd", size = 11767474, upload-time = "2026-03-03T00:46:18.003Z" },
    { url = "https://files.pythonhosted.org/packages/78/68/4c66b260f817f304ead11176ff13985625f7c269e653304b4bdb546551af/pyrefly-0.55.0-py3-none-manylinux_2_17_aarch64.manylinux2014_aarch64.whl", hash = "sha256:7346b2d64dc575bd61aa3bca854fbf8b5a19a471cbdb45e0ca1e09861b63488c", size = 33260395, upload-time = "2026-03-03T00:46:20.509Z" },
    { url = "https://files.pythonhosted.org/packages/47/09/10bd48c9f860064f29f412954126a827d60f6451512224912c265e26bbe6/pyrefly-0.55.0-py3-none-manylinux_2_17_i686.manylinux2014_i686.whl", hash = "sha256:233b861b4cff008b1aff62f4f941577ed752e4d0060834229eb9b6826e6973c9", size = 35848269, upload-time = "2026-03-03T00:46:23.418Z" },
    { url = "https://files.pythonhosted.org/packages/a9/39/bc65cdd5243eb2dfea25dd1321f9a5a93e8d9c3a308501c4c6c05d011585/pyrefly-0.55.0-py3-none-manylinux_2_17_x86_64.manylinux2014_x86_64.whl", hash = "sha256:f5aa85657d76da1d25d081a49f0e33c8fc3ec91c1a0f185a8ed393a5a3d9e178", size = 38449820, upload-time = "2026-03-03T00:46:26.309Z" },
    { url = "https://files.pythonhosted.org/packages/e5/64/58b38963b011af91209e87f868cc85cfc762ec49a4568ce610c45e7a5f40/pyrefly-0.55.0-py3-none-win32.whl", hash = "sha256:23f786a78536a56fed331b245b7d10ec8945bebee7b723491c8d66fdbc155fe6", size = 11259415, upload-time = "2026-03-03T00:46:30.875Z" },
    { url = "https://files.pythonhosted.org/packages/7a/0b/a4aa519ff632a1ea69eec942566951670b870b99b5c08407e1387b85b6a4/pyrefly-0.55.0-py3-none-win_amd64.whl", hash = "sha256:d465b49e999b50eeb069ad23f0f5710651cad2576f9452a82991bef557df91ee", size = 12043581, upload-time = "2026-03-03T00:46:33.674Z" },
    { url = "https://files.pythonhosted.org/packages/f1/51/89017636fbe1ffd166ad478990c6052df615b926182fa6d3c0842b407e89/pyrefly-0.55.0-py3-none-win_arm64.whl", hash = "sha256:732ff490e0e863b296e7c0b2471e08f8ba7952f9fa6e9de09d8347fd67dde77f", size = 11548076, upload-time = "2026-03-03T00:46:36.193Z" },
]

[[package]]
name = "pytest"
version = "9.0.2"
source = { registry = "https://pypi.org/simple" }
dependencies = [
    { name = "colorama", marker = "sys_platform == 'win32'" },
    { name = "iniconfig" },
    { name = "packaging" },
    { name = "pluggy" },
    { name = "pygments" },
]
sdist = { url = "https://files.pythonhosted.org/packages/d1/db/7ef3487e0fb0049ddb5ce41d3a49c235bf9ad299b6a25d5780a89f19230f/pytest-9.0.2.tar.gz", hash = "sha256:75186651a92bd89611d1d9fc20f0b4345fd827c41ccd5c299a868a05d70edf11", size = 1568901, upload-time = "2025-12-06T21:30:51.014Z" }
wheels = [
    { url = "https://files.pythonhosted.org/packages/3b/ab/b3226f0bd7cdcf710fbede2b3548584366da3b19b5021e74f5bde2a8fa3f/pytest-9.0.2-py3-none-any.whl", hash = "sha256:711ffd45bf766d5264d487b917733b453d917afd2b0ad65223959f59089f875b", size = 374801, upload-time = "2025-12-06T21:30:49.154Z" },
]

[[package]]
name = "python-discovery"
version = "1.1.1"
source = { registry = "https://pypi.org/simple" }
dependencies = [
    { name = "filelock" },
    { name = "platformdirs" },
]
sdist = { url = "https://files.pythonhosted.org/packages/ec/67/09765eacf4e44413c4f8943ba5a317fcb9c7b447c3b8b0b7fce7e3090b0b/python_discovery-1.1.1.tar.gz", hash = "sha256:584c08b141c5b7029f206b4e8b78b1a1764b22121e21519b89dec56936e95b0a", size = 56016, upload-time = "2026-03-07T00:00:56.354Z" }
wheels = [
    { url = "https://files.pythonhosted.org/packages/75/0f/2bf7e3b5a4a65f623cb820feb5793e243fad58ae561015ee15a6152f67a2/python_discovery-1.1.1-py3-none-any.whl", hash = "sha256:69f11073fa2392251e405d4e847d60ffffd25fd762a0dc4d1a7d6b9c3f79f1a3", size = 30732, upload-time = "2026-03-07T00:00:55.143Z" },
]

[[package]]
name = "pyyaml"
version = "6.0.3"
source = { registry = "https://pypi.org/simple" }
sdist = { url = "https://files.pythonhosted.org/packages/05/8e/961c0007c59b8dd7729d542c61a4d537767a59645b82a0b521206e1e25c2/pyyaml-6.0.3.tar.gz", hash = "sha256:d76623373421df22fb4cf8817020cbb7ef15c725b9d5e45f17e189bfc384190f", size = 130960, upload-time = "2025-09-25T21:33:16.546Z" }
wheels = [
    { url = "https://files.pythonhosted.org/packages/9d/8c/f4bd7f6465179953d3ac9bc44ac1a8a3e6122cf8ada906b4f96c60172d43/pyyaml-6.0.3-cp314-cp314-macosx_10_13_x86_64.whl", hash = "sha256:8d1fab6bb153a416f9aeb4b8763bc0f22a5586065f86f7664fc23339fc1c1fac", size = 181814, upload-time = "2025-09-25T21:32:35.712Z" },
    { url = "https://files.pythonhosted.org/packages/bd/9c/4d95bb87eb2063d20db7b60faa3840c1b18025517ae857371c4dd55a6b3a/pyyaml-6.0.3-cp314-cp314-macosx_11_0_arm64.whl", hash = "sha256:34d5fcd24b8445fadc33f9cf348c1047101756fd760b4dacb5c3e99755703310", size = 173809, upload-time = "2025-09-25T21:32:36.789Z" },
    { url = "https://files.pythonhosted.org/packages/92/b5/47e807c2623074914e29dabd16cbbdd4bf5e9b2db9f8090fa64411fc5382/pyyaml-6.0.3-cp314-cp314-manylinux2014_aarch64.manylinux_2_17_aarch64.manylinux_2_28_aarch64.whl", hash = "sha256:501a031947e3a9025ed4405a168e6ef5ae3126c59f90ce0cd6f2bfc477be31b7", size = 766454, upload-time = "2025-09-25T21:32:37.966Z" },
    { url = "https://files.pythonhosted.org/packages/02/9e/e5e9b168be58564121efb3de6859c452fccde0ab093d8438905899a3a483/pyyaml-6.0.3-cp314-cp314-manylinux2014_s390x.manylinux_2_17_s390x.manylinux_2_28_s390x.whl", hash = "sha256:b3bc83488de33889877a0f2543ade9f70c67d66d9ebb4ac959502e12de895788", size = 836355, upload-time = "2025-09-25T21:32:39.178Z" },
    { url = "https://files.pythonhosted.org/packages/88/f9/16491d7ed2a919954993e48aa941b200f38040928474c9e85ea9e64222c3/pyyaml-6.0.3-cp314-cp314-manylinux2014_x86_64.manylinux_2_17_x86_64.manylinux_2_28_x86_64.whl", hash = "sha256:c458b6d084f9b935061bc36216e8a69a7e293a2f1e68bf956dcd9e6cbcd143f5", size = 794175, upload-time = "2025-09-25T21:32:40.865Z" },
    { url = "https://files.pythonhosted.org/packages/dd/3f/5989debef34dc6397317802b527dbbafb2b4760878a53d4166579111411e/pyyaml-6.0.3-cp314-cp314-musllinux_1_2_aarch64.whl", hash = "sha256:7c6610def4f163542a622a73fb39f534f8c101d690126992300bf3207eab9764", size = 755228, upload-time = "2025-09-25T21:32:42.084Z" },
    { url = "https://files.pythonhosted.org/packages/d7/ce/af88a49043cd2e265be63d083fc75b27b6ed062f5f9fd6cdc223ad62f03e/pyyaml-6.0.3-cp314-cp314-musllinux_1_2_x86_64.whl", hash = "sha256:5190d403f121660ce8d1d2c1bb2ef1bd05b5f68533fc5c2ea899bd15f4399b35", size = 789194, upload-time = "2025-09-25T21:32:43.362Z" },
    { url = "https://files.pythonhosted.org/packages/23/20/bb6982b26a40bb43951265ba29d4c246ef0ff59c9fdcdf0ed04e0687de4d/pyyaml-6.0.3-cp314-cp314-win_amd64.whl", hash = "sha256:4a2e8cebe2ff6ab7d1050ecd59c25d4c8bd7e6f400f5f82b96557ac0abafd0ac", size = 156429, upload-time = "2025-09-25T21:32:57.844Z" },
    { url = "https://files.pythonhosted.org/packages/f4/f4/a4541072bb9422c8a883ab55255f918fa378ecf083f5b85e87fc2b4eda1b/pyyaml-6.0.3-cp314-cp314-win_arm64.whl", hash = "sha256:93dda82c9c22deb0a405ea4dc5f2d0cda384168e466364dec6255b293923b2f3", size = 143912, upload-time = "2025-09-25T21:32:59.247Z" },
    { url = "https://files.pythonhosted.org/packages/7c/f9/07dd09ae774e4616edf6cda684ee78f97777bdd15847253637a6f052a62f/pyyaml-6.0.3-cp314-cp314t-macosx_10_13_x86_64.whl", hash = "sha256:02893d100e99e03eda1c8fd5c441d8c60103fd175728e23e431db1b589cf5ab3", size = 189108, upload-time = "2025-09-25T21:32:44.377Z" },
    { url = "https://files.pythonhosted.org/packages/4e/78/8d08c9fb7ce09ad8c38ad533c1191cf27f7ae1effe5bb9400a46d9437fcf/pyyaml-6.0.3-cp314-cp314t-macosx_11_0_arm64.whl", hash = "sha256:c1ff362665ae507275af2853520967820d9124984e0f7466736aea23d8611fba", size = 183641, upload-time = "2025-09-25T21:32:45.407Z" },
    { url = "https://files.pythonhosted.org/packages/7b/5b/3babb19104a46945cf816d047db2788bcaf8c94527a805610b0289a01c6b/pyyaml-6.0.3-cp314-cp314t-manylinux2014_aarch64.manylinux_2_17_aarch64.manylinux_2_28_aarch64.whl", hash = "sha256:6adc77889b628398debc7b65c073bcb99c4a0237b248cacaf3fe8a557563ef6c", size = 831901, upload-time = "2025-09-25T21:32:48.83Z" },
    { url = "https://files.pythonhosted.org/packages/8b/cc/dff0684d8dc44da4d22a13f35f073d558c268780ce3c6ba1b87055bb0b87/pyyaml-6.0.3-cp314-cp314t-manylinux2014_s390x.manylinux_2_17_s390x.manylinux_2_28_s390x.whl", hash = "sha256:a80cb027f6b349846a3bf6d73b5e95e782175e52f22108cfa17876aaeff93702", size = 861132, upload-time = "2025-09-25T21:32:50.149Z" },
    { url = "https://files.pythonhosted.org/packages/b1/5e/f77dc6b9036943e285ba76b49e118d9ea929885becb0a29ba8a7c75e29fe/pyyaml-6.0.3-cp314-cp314t-manylinux2014_x86_64.manylinux_2_17_x86_64.manylinux_2_28_x86_64.whl", hash = "sha256:00c4bdeba853cc34e7dd471f16b4114f4162dc03e6b7afcc2128711f0eca823c", size = 839261, upload-time = "2025-09-25T21:32:51.808Z" },
    { url = "https://files.pythonhosted.org/packages/ce/88/a9db1376aa2a228197c58b37302f284b5617f56a5d959fd1763fb1675ce6/pyyaml-6.0.3-cp314-cp314t-musllinux_1_2_aarch64.whl", hash = "sha256:66e1674c3ef6f541c35191caae2d429b967b99e02040f5ba928632d9a7f0f065", size = 805272, upload-time = "2025-09-25T21:32:52.941Z" },
    { url = "https://files.pythonhosted.org/packages/da/92/1446574745d74df0c92e6aa4a7b0b3130706a4142b2d1a5869f2eaa423c6/pyyaml-6.0.3-cp314-cp314t-musllinux_1_2_x86_64.whl", hash = "sha256:16249ee61e95f858e83976573de0f5b2893b3677ba71c9dd36b9cf8be9ac6d65", size = 829923, upload-time = "2025-09-25T21:32:54.537Z" },
    { url = "https://files.pythonhosted.org/packages/f0/7a/1c7270340330e575b92f397352af856a8c06f230aa3e76f86b39d01b416a/pyyaml-6.0.3-cp314-cp314t-win_amd64.whl", hash = "sha256:4ad1906908f2f5ae4e5a8ddfce73c320c2a1429ec52eafd27138b7f1cbe341c9", size = 174062, upload-time = "2025-09-25T21:32:55.767Z" },
    { url = "https://files.pythonhosted.org/packages/f1/12/de94a39c2ef588c7e6455cfbe7343d3b2dc9d6b6b2f40c4c6565744c873d/pyyaml-6.0.3-cp314-cp314t-win_arm64.whl", hash = "sha256:ebc55a14a21cb14062aa4162f906cd962b28e2e9ea38f9b4391244cd8de4ae0b", size = 149341, upload-time = "2025-09-25T21:32:56.828Z" },
]

[[package]]
name = "rich"
version = "14.3.3"
source = { registry = "https://pypi.org/simple" }
dependencies = [
    { name = "markdown-it-py" },
    { name = "pygments" },
]
sdist = { url = "https://files.pythonhosted.org/packages/b3/c6/f3b320c27991c46f43ee9d856302c70dc2d0fb2dba4842ff739d5f46b393/rich-14.3.3.tar.gz", hash = "sha256:b8daa0b9e4eef54dd8cf7c86c03713f53241884e814f4e2f5fb342fe520f639b", size = 230582, upload-time = "2026-02-19T17:23:12.474Z" }
wheels = [
    { url = "https://files.pythonhosted.org/packages/14/25/b208c5683343959b670dc001595f2f3737e051da617f66c31f7c4fa93abc/rich-14.3.3-py3-none-any.whl", hash = "sha256:793431c1f8619afa7d3b52b2cdec859562b950ea0d4b6b505397612db8d5362d", size = 310458, upload-time = "2026-02-19T17:23:13.732Z" },
]

[[package]]
name = "ruff"
version = "0.15.5"
source = { registry = "https://pypi.org/simple" }
sdist = { url = "https://files.pythonhosted.org/packages/77/9b/840e0039e65fcf12758adf684d2289024d6140cde9268cc59887dc55189c/ruff-0.15.5.tar.gz", hash = "sha256:7c3601d3b6d76dce18c5c824fc8d06f4eef33d6df0c21ec7799510cde0f159a2", size = 4574214, upload-time = "2026-03-05T20:06:34.946Z" }
wheels = [
    { url = "https://files.pythonhosted.org/packages/47/20/5369c3ce21588c708bcbe517a8fbe1a8dfdb5dfd5137e14790b1da71612c/ruff-0.15.5-py3-none-linux_armv6l.whl", hash = "sha256:4ae44c42281f42e3b06b988e442d344a5b9b72450ff3c892e30d11b29a96a57c", size = 10478185, upload-time = "2026-03-05T20:06:29.093Z" },
    { url = "https://files.pythonhosted.org/packages/44/ed/e81dd668547da281e5dce710cf0bc60193f8d3d43833e8241d006720e42b/ruff-0.15.5-py3-none-macosx_10_12_x86_64.whl", hash = "sha256:6edd3792d408ebcf61adabc01822da687579a1a023f297618ac27a5b51ef0080", size = 10859201, upload-time = "2026-03-05T20:06:32.632Z" },
    { url = "https://files.pythonhosted.org/packages/c4/8f/533075f00aaf19b07c5cd6aa6e5d89424b06b3b3f4583bfa9c640a079059/ruff-0.15.5-py3-none-macosx_11_0_arm64.whl", hash = "sha256:89f463f7c8205a9f8dea9d658d59eff49db05f88f89cc3047fb1a02d9f344010", size = 10184752, upload-time = "2026-03-05T20:06:40.312Z" },
    { url = "https://files.pythonhosted.org/packages/66/0e/ba49e2c3fa0395b3152bad634c7432f7edfc509c133b8f4529053ff024fb/ruff-0.15.5-py3-none-manylinux_2_17_aarch64.manylinux2014_aarch64.whl", hash = "sha256:ba786a8295c6574c1116704cf0b9e6563de3432ac888d8f83685654fe528fd65", size = 10534857, upload-time = "2026-03-05T20:06:19.581Z" },
    { url = "https://files.pythonhosted.org/packages/59/71/39234440f27a226475a0659561adb0d784b4d247dfe7f43ffc12dd02e288/ruff-0.15.5-py3-none-manylinux_2_17_armv7l.manylinux2014_armv7l.whl", hash = "sha256:fd4b801e57955fe9f02b31d20375ab3a5c4415f2e5105b79fb94cf2642c91440", size = 10309120, upload-time = "2026-03-05T20:06:00.435Z" },
    { url = "https://files.pythonhosted.org/packages/f5/87/4140aa86a93df032156982b726f4952aaec4a883bb98cb6ef73c347da253/ruff-0.15.5-py3-none-manylinux_2_17_i686.manylinux2014_i686.whl", hash = "sha256:391f7c73388f3d8c11b794dbbc2959a5b5afe66642c142a6effa90b45f6f5204", size = 11047428, upload-time = "2026-03-05T20:05:51.867Z" },
    { url = "https://files.pythonhosted.org/packages/5a/f7/4953e7e3287676f78fbe85e3a0ca414c5ca81237b7575bdadc00229ac240/ruff-0.15.5-py3-none-manylinux_2_17_ppc64le.manylinux2014_ppc64le.whl", hash = "sha256:8dc18f30302e379fe1e998548b0f5e9f4dff907f52f73ad6da419ea9c19d66c8", size = 11914251, upload-time = "2026-03-05T20:06:22.887Z" },
    { url = "https://files.pythonhosted.org/packages/77/46/0f7c865c10cf896ccf5a939c3e84e1cfaeed608ff5249584799a74d33835/ruff-0.15.5-py3-none-manylinux_2_17_s390x.manylinux2014_s390x.whl", hash = "sha256:1cc6e7f90087e2d27f98dc34ed1b3ab7c8f0d273cc5431415454e22c0bd2a681", size = 11333801, upload-time = "2026-03-05T20:05:57.168Z" },
    { url = "https://files.pythonhosted.org/packages/d3/01/a10fe54b653061585e655f5286c2662ebddb68831ed3eaebfb0eb08c0a16/ruff-0.15.5-py3-none-manylinux_2_17_x86_64.manylinux2014_x86_64.whl", hash = "sha256:c1cb7169f53c1ddb06e71a9aebd7e98fc0fea936b39afb36d8e86d36ecc2636a", size = 11206821, upload-time = "2026-03-05T20:06:03.441Z" },
    { url = "https://files.pythonhosted.org/packages/7a/0d/2132ceaf20c5e8699aa83da2706ecb5c5dcdf78b453f77edca7fb70f8a93/ruff-0.15.5-py3-none-manylinux_2_31_riscv64.whl", hash = "sha256:9b037924500a31ee17389b5c8c4d88874cc6ea8e42f12e9c61a3d754ff72f1ca", size = 11133326, upload-time = "2026-03-05T20:06:25.655Z" },
    { url = "https://files.pythonhosted.org/packages/72/cb/2e5259a7eb2a0f87c08c0fe5bf5825a1e4b90883a52685524596bfc93072/ruff-0.15.5-py3-none-musllinux_1_2_aarch64.whl", hash = "sha256:65bb414e5b4eadd95a8c1e4804f6772bbe8995889f203a01f77ddf2d790929dd", size = 10510820, upload-time = "2026-03-05T20:06:37.79Z" },
    { url = "https://files.pythonhosted.org/packages/ff/20/b67ce78f9e6c59ffbdb5b4503d0090e749b5f2d31b599b554698a80d861c/ruff-0.15.5-py3-none-musllinux_1_2_armv7l.whl", hash = "sha256:d20aa469ae3b57033519c559e9bc9cd9e782842e39be05b50e852c7c981fa01d", size = 10302395, upload-time = "2026-03-05T20:05:54.504Z" },
    { url = "https://files.pythonhosted.org/packages/5f/e5/719f1acccd31b720d477751558ed74e9c88134adcc377e5e886af89d3072/ruff-0.15.5-py3-none-musllinux_1_2_i686.whl", hash = "sha256:15388dd28c9161cdb8eda68993533acc870aa4e646a0a277aa166de9ad5a8752", size = 10754069, upload-time = "2026-03-05T20:06:06.422Z" },
    { url = "https://files.pythonhosted.org/packages/c3/9c/d1db14469e32d98f3ca27079dbd30b7b44dbb5317d06ab36718dee3baf03/ruff-0.15.5-py3-none-musllinux_1_2_x86_64.whl", hash = "sha256:b30da330cbd03bed0c21420b6b953158f60c74c54c5f4c1dabbdf3a57bf355d2", size = 11304315, upload-time = "2026-03-05T20:06:10.867Z" },
    { url = "https://files.pythonhosted.org/packages/28/3a/950367aee7c69027f4f422059227b290ed780366b6aecee5de5039d50fa8/ruff-0.15.5-py3-none-win32.whl", hash = "sha256:732e5ee1f98ba5b3679029989a06ca39a950cced52143a0ea82a2102cb592b74", size = 10551676, upload-time = "2026-03-05T20:06:13.705Z" },
    { url = "https://files.pythonhosted.org/packages/b8/00/bf077a505b4e649bdd3c47ff8ec967735ce2544c8e4a43aba42ee9bf935d/ruff-0.15.5-py3-none-win_amd64.whl", hash = "sha256:821d41c5fa9e19117616c35eaa3f4b75046ec76c65e7ae20a333e9a8696bc7fe", size = 11678972, upload-time = "2026-03-05T20:06:45.379Z" },
    { url = "https://files.pythonhosted.org/packages/fe/4e/cd76eca6db6115604b7626668e891c9dd03330384082e33662fb0f113614/ruff-0.15.5-py3-none-win_arm64.whl", hash = "sha256:b498d1c60d2fe5c10c45ec3f698901065772730b411f164ae270bb6bfcc4740b", size = 10965572, upload-time = "2026-03-05T20:06:16.984Z" },
]

[[package]]
name = "secret-entrance"
version = "0.1.0"
source = { editable = "." }
dependencies = [
    { name = "typer" },
]

[package.dev-dependencies]
dev = [
    { name = "basedpyright" },
    { name = "ipdb" },
    { name = "ipython" },
    { name = "pre-commit" },
    { name = "pyrefly" },
    { name = "pytest" },
    { name = "ruff" },
]

[package.metadata]
requires-dist = [{ name = "typer", specifier = ">=0.15.1" }]

[package.metadata.requires-dev]
dev = [
    { name = "basedpyright", specifier = ">=1.35.0" },
    { name = "ipdb", specifier = ">=0.13.13" },
    { name = "ipython", specifier = ">=9.8.0" },
    { name = "pre-commit", specifier = ">=4.5.0" },
    { name = "pyrefly", specifier = ">=0.44.0" },
    { name = "pytest", specifier = ">=9.0.1" },
    { name = "ruff", specifier = ">=0.14.7" },
]

[[package]]
name = "shellingham"
version = "1.5.4"
source = { registry = "https://pypi.org/simple" }
sdist = { url = "https://files.pythonhosted.org/packages/58/15/8b3609fd3830ef7b27b655beb4b4e9c62313a4e8da8c676e142cc210d58e/shellingham-1.5.4.tar.gz", hash = "sha256:8dbca0739d487e5bd35ab3ca4b36e11c4078f3a234bfce294b0a0291363404de", size = 10310, upload-time = "2023-10-24T04:13:40.426Z" }
wheels = [
    { url = "https://files.pythonhosted.org/packages/e0/f9/0595336914c5619e5f28a1fb793285925a8cd4b432c9da0a987836c7f822/shellingham-1.5.4-py2.py3-none-any.whl", hash = "sha256:7ecfff8f2fd72616f7481040475a65b2bf8af90a56c89140852d1120324e8686", size = 9755, upload-time = "2023-10-24T04:13:38.866Z" },
]

[[package]]
name = "stack-data"
version = "0.6.3"
source = { registry = "https://pypi.org/simple" }
dependencies = [
    { name = "asttokens" },
    { name = "executing" },
    { name = "pure-eval" },
]
sdist = { url = "https://files.pythonhosted.org/packages/28/e3/55dcc2cfbc3ca9c29519eb6884dd1415ecb53b0e934862d3559ddcb7e20b/stack_data-0.6.3.tar.gz", hash = "sha256:836a778de4fec4dcd1dcd89ed8abff8a221f58308462e1c4aa2a3cf30148f0b9", size = 44707, upload-time = "2023-09-30T13:58:05.479Z" }
wheels = [
    { url = "https://files.pythonhosted.org/packages/f1/7b/ce1eafaf1a76852e2ec9b22edecf1daa58175c090266e9f6c64afcd81d91/stack_data-0.6.3-py3-none-any.whl", hash = "sha256:d5558e0c25a4cb0853cddad3d77da9891a08cb85dd9f9f91b9f8cd66e511e695", size = 24521, upload-time = "2023-09-30T13:58:03.53Z" },
]

[[package]]
name = "traitlets"
version = "5.14.3"
source = { registry = "https://pypi.org/simple" }
sdist = { url = "https://files.pythonhosted.org/packages/eb/79/72064e6a701c2183016abbbfedaba506d81e30e232a68c9f0d6f6fcd1574/traitlets-5.14.3.tar.gz", hash = "sha256:9ed0579d3502c94b4b3732ac120375cda96f923114522847de4b3bb98b96b6b7", size = 161621, upload-time = "2024-04-19T11:11:49.746Z" }
wheels = [
    { url = "https://files.pythonhosted.org/packages/00/c0/8f5d070730d7836adc9c9b6408dec68c6ced86b304a9b26a14df072a6e8c/traitlets-5.14.3-py3-none-any.whl", hash = "sha256:b74e89e397b1ed28cc831db7aea759ba6640cb3de13090ca145426688ff1ac4f", size = 85359, upload-time = "2024-04-19T11:11:46.763Z" },
]

[[package]]
name = "typer"
version = "0.24.1"
source = { registry = "https://pypi.org/simple" }
dependencies = [
    { name = "annotated-doc" },
    { name = "click" },
    { name = "rich" },
    { name = "shellingham" },
]
sdist = { url = "https://files.pythonhosted.org/packages/f5/24/cb09efec5cc954f7f9b930bf8279447d24618bb6758d4f6adf2574c41780/typer-0.24.1.tar.gz", hash = "sha256:e39b4732d65fbdcde189ae76cf7cd48aeae72919dea1fdfc16593be016256b45", size = 118613, upload-time = "2026-02-21T16:54:40.609Z" }
wheels = [
    { url = "https://files.pythonhosted.org/packages/4a/91/48db081e7a63bb37284f9fbcefda7c44c277b18b0e13fbc36ea2335b71e6/typer-0.24.1-py3-none-any.whl", hash = "sha256:112c1f0ce578bfb4cab9ffdabc68f031416ebcc216536611ba21f04e9aa84c9e", size = 56085, upload-time = "2026-02-21T16:54:41.616Z" },
]

[[package]]
name = "virtualenv"
version = "21.1.0"
source = { registry = "https://pypi.org/simple" }
dependencies = [
    { name = "distlib" },
    { name = "filelock" },
    { name = "platformdirs" },
    { name = "python-discovery" },
]
sdist = { url = "https://files.pythonhosted.org/packages/2f/c9/18d4b36606d6091844daa3bd93cf7dc78e6f5da21d9f21d06c221104b684/virtualenv-21.1.0.tar.gz", hash = "sha256:1990a0188c8f16b6b9cf65c9183049007375b26aad415514d377ccacf1e4fb44", size = 5840471, upload-time = "2026-02-27T08:49:29.702Z" }
wheels = [
    { url = "https://files.pythonhosted.org/packages/78/55/896b06bf93a49bec0f4ae2a6f1ed12bd05c8860744ac3a70eda041064e4d/virtualenv-21.1.0-py3-none-any.whl", hash = "sha256:164f5e14c5587d170cf98e60378eb91ea35bf037be313811905d3a24ea33cc07", size = 5825072, upload-time = "2026-02-27T08:49:27.516Z" },
]

[[package]]
name = "wcwidth"
version = "0.6.0"
source = { registry = "https://pypi.org/simple" }
sdist = { url = "https://files.pythonhosted.org/packages/35/a2/8e3becb46433538a38726c948d3399905a4c7cabd0df578ede5dc51f0ec2/wcwidth-0.6.0.tar.gz", hash = "sha256:cdc4e4262d6ef9a1a57e018384cbeb1208d8abbc64176027e2c2455c81313159", size = 159684, upload-time = "2026-02-06T19:19:40.919Z" }
wheels = [
    { url = "https://files.pythonhosted.org/packages/68/5a/199c59e0a824a3db2b89c5d2dade7ab5f9624dbf6448dc291b46d5ec94d3/wcwidth-0.6.0-py3-none-any.whl", hash = "sha256:1a3a1e510b553315f8e146c54764f4fb6264ffad731b3d78088cdb1478ffbdad", size = 94189, upload-time = "2026-02-06T19:19:39.646Z" },
]
